
Microsoft Visual Studio Solution File, Format Version 12.00
# Visual Studio 15
VisualStudioVersion = 15.0.27004.2009
MinimumVisualStudioVersion = 10.0.40219.1
Project("{9A19103F-16F7-4668-BE54-9A1E7A4F7556}") = "Foundatio.Aliyun", "src\Foundatio.Aliyun\Foundatio.Aliyun.csproj", "{3C42AB15-DB0A-4CE1-946C-FF3A52945625}"
EndProject
Project("{2150E333-8FDC-42A3-9474-1A3956D46DE8}") = "Solution Items", "Solution Items", "{439FB538-15FC-475E-B698-F836AF591750}"
	ProjectSection(SolutionItems) = preProject
		.editorconfig = .editorconfig
		appveyor.yml = appveyor.yml
		build\common.props = build\common.props
		README.md = README.md
		build\sourcelink.props = build\sourcelink.props
	EndProjectSection
EndProject
Project("{2150E333-8FDC-42A3-9474-1A3956D46DE8}") = "Tests", "Tests", "{C2B89C55-ADD0-419F-BA37-039FE531FFBC}"
EndProject
Project("{FAE04EC0-301F-11D3-BF4B-00C04F79EFBC}") = "Foundatio.Aliyun.Tests", "test\Foundatio.Aliyun.Tests\Foundatio.Aliyun.Tests.csproj", "{2A515D1B-425D-4A6A-9953-5A12CC62DCEC}"
EndProject
Global
	GlobalSection(SolutionConfigurationPlatforms) = preSolution
		Debug|Any CPU = Debug|Any CPU
		Release|Any CPU = Release|Any CPU
	EndGlobalSection
	GlobalSection(ProjectConfigurationPlatforms) = postSolution
		{3C42AB15-DB0A-4CE1-946C-FF3A52945625}.Debug|Any CPU.ActiveCfg = Debug|Any CPU
		{3C42AB15-DB0A-4CE1-946C-FF3A52945625}.Debug|Any CPU.Build.0 = Debug|Any CPU
		{3C42AB15-DB0A-4CE1-946C-FF3A52945625}.Release|Any CPU.ActiveCfg = Release|Any CPU
		{3C42AB15-DB0A-4CE1-946C-FF3A52945625}.Release|Any CPU.Build.0 = Release|Any CPU
		{2A515D1B-425D-4A6A-9953-5A12CC62DCEC}.Debug|Any CPU.ActiveCfg = Debug|Any CPU
		{2A515D1B-425D-4A6A-9953-5A12CC62DCEC}.Debug|Any CPU.Build.0 = Debug|Any CPU
		{2A515D1B-425D-4A6A-9953-5A12CC62DCEC}.Release|Any CPU.ActiveCfg = Release|Any CPU
		{2A515D1B-425D-4A6A-9953-5A12CC62DCEC}.Release|Any CPU.Build.0 = Release|Any CPU
	EndGlobalSection
	GlobalSection(SolutionProperties) = preSolution
		HideSolutionNode = FALSE
	EndGlobalSection
	GlobalSection(NestedProjects) = preSolution
		{2A515D1B-425D-4A6A-9953-5A12CC62DCEC} = {C2B89C55-ADD0-419F-BA37-039FE531FFBC}
	EndGlobalSection
	GlobalSection(ExtensibilityGlobals) = postSolution
		SolutionGuid = {C0C4FFA1-8B13-4D1A-8CC2-944D593BE47E}
	EndGlobalSection
EndGlobal
